
Microsoft Visual Studio Solution File, Format Version 12.00
# Visual Studio Version 17
VisualStudioVersion = 17.8.34408.163
MinimumVisualStudioVersion = 10.0.40219.1
Project("{FAE04EC0-301F-11D3-BF4B-00C04F79EFBC}") = "OperacoesBasicasCSharp", "OperacoesBasicasCSharp.csproj", "{16BB51AF-DFCC-41D8-89E8-041A9D24BF99}"
EndProject
Global
	GlobalSection(SolutionConfigurationPlatforms) = preSolution
		Debug|Any CPU = Debug|Any CPU
		Release|Any CPU = Release|Any CPU
	EndGlobalSection
	GlobalSection(ProjectConfigurationPlatforms) = postSolution
		{16BB51AF-DFCC-41D8-89E8-041A9D24BF99}.Debug|Any CPU.ActiveCfg = Debug|Any CPU
		{16BB51AF-DFCC-41D8-89E8-041A9D24BF99}.Debug|Any CPU.Build.0 = Debug|Any CPU
		{16BB51AF-DFCC-41D8-89E8-041A9D24BF99}.Release|Any CPU.ActiveCfg = Release|Any CPU
		{16BB51AF-DFCC-41D8-89E8-041A9D24BF99}.Release|Any CPU.Build.0 = Release|Any CPU
	EndGlobalSection
	GlobalSection(SolutionProperties) = preSolution
		HideSolutionNode = FALSE
	EndGlobalSection
	GlobalSection(ExtensibilityGlobals) = postSolution
		SolutionGuid = {961E03F3-6BD1-4210-9B75-08A59D73F9E7}
	EndGlobalSection
EndGlobal
